
Microsoft Visual Studio Solution File, Format Version 12.00
# Visual Studio Version 16
VisualStudioVersion = 16.0.34407.143
MinimumVisualStudioVersion = 10.0.40219.1
Project("{FAE04EC0-301F-11D3-BF4B-00C04F79EFBC}") = "pizzeria", "pizzeria\pizzeria.csproj", "{F68EB637-5DF7-485F-B706-D894481CA2FB}"
EndProject
Global
	GlobalSection(SolutionConfigurationPlatforms) = preSolution
		Debug|Any CPU = Debug|Any CPU
		Release|Any CPU = Release|Any CPU
	EndGlobalSection
	GlobalSection(ProjectConfigurationPlatforms) = postSolution
		{F68EB637-5DF7-485F-B706-D894481CA2FB}.Debug|Any CPU.ActiveCfg = Debug|Any CPU
		{F68EB637-5DF7-485F-B706-D894481CA2FB}.Debug|Any CPU.Build.0 = Debug|Any CPU
		{F68EB637-5DF7-485F-B706-D894481CA2FB}.Release|Any CPU.ActiveCfg = Release|Any CPU
		{F68EB637-5DF7-485F-B706-D894481CA2FB}.Release|Any CPU.Build.0 = Release|Any CPU
	EndGlobalSection
	GlobalSection(SolutionProperties) = preSolution
		HideSolutionNode = FALSE
	EndGlobalSection
	GlobalSection(ExtensibilityGlobals) = postSolution
		SolutionGuid = {C20DE8BB-E3CF-476D-A90C-F67CEEE1D886}
	EndGlobalSection
EndGlobal
